
Microsoft Visual Studio Solution File, Format Version 12.00
# Visual Studio 14
VisualStudioVersion = 14.0.25420.1
MinimumVisualStudioVersion = 10.0.40219.1
Project("{FAE04EC0-301F-11D3-BF4B-00C04F79EFBC}") = "MatchesGame", "MatchesGame\MatchesGame.csproj", "{F75EC767-B6CA-49E0-B02E-FB3075E09458}"
EndProject
Project("{FAE04EC0-301F-11D3-BF4B-00C04F79EFBC}") = "MatchesGame.Domain", "MatchesGame.Domain\MatchesGame.Domain.csproj", "{888B3B8D-CF89-496C-ABA8-607303CF8176}"
EndProject
Project("{FAE04EC0-301F-11D3-BF4B-00C04F79EFBC}") = "MatchesGame.DataAccess", "MatchesGame.DataAccess\MatchesGame.DataAccess.csproj", "{8FBA8536-6D53-4734-8B36-31E0B62DE935}"
EndProject
Global
	GlobalSection(SolutionConfigurationPlatforms) = preSolution
		Debug|Any CPU = Debug|Any CPU
		Release|Any CPU = Release|Any CPU
	EndGlobalSection
	GlobalSection(ProjectConfigurationPlatforms) = postSolution
		{F75EC767-B6CA-49E0-B02E-FB3075E09458}.Debug|Any CPU.ActiveCfg = Debug|Any CPU
		{F75EC767-B6CA-49E0-B02E-FB3075E09458}.Debug|Any CPU.Build.0 = Debug|Any CPU
		{F75EC767-B6CA-49E0-B02E-FB3075E09458}.Release|Any CPU.ActiveCfg = Release|Any CPU
		{F75EC767-B6CA-49E0-B02E-FB3075E09458}.Release|Any CPU.Build.0 = Release|Any CPU
		{888B3B8D-CF89-496C-ABA8-607303CF8176}.Debug|Any CPU.ActiveCfg = Debug|Any CPU
		{888B3B8D-CF89-496C-ABA8-607303CF8176}.Debug|Any CPU.Build.0 = Debug|Any CPU
		{888B3B8D-CF89-496C-ABA8-607303CF8176}.Release|Any CPU.ActiveCfg = Release|Any CPU
		{888B3B8D-CF89-496C-ABA8-607303CF8176}.Release|Any CPU.Build.0 = Release|Any CPU
		{8FBA8536-6D53-4734-8B36-31E0B62DE935}.Debug|Any CPU.ActiveCfg = Debug|Any CPU
		{8FBA8536-6D53-4734-8B36-31E0B62DE935}.Debug|Any CPU.Build.0 = Debug|Any CPU
		{8FBA8536-6D53-4734-8B36-31E0B62DE935}.Release|Any CPU.ActiveCfg = Release|Any CPU
		{8FBA8536-6D53-4734-8B36-31E0B62DE935}.Release|Any CPU.Build.0 = Release|Any CPU
	EndGlobalSection
	GlobalSection(SolutionProperties) = preSolution
		HideSolutionNode = FALSE
	EndGlobalSection
EndGlobal
